PODS:
  - Capacitor (5.5.1):
    - CapacitorCordova
  - CapacitorCordova (5.5.1)
  - CapacitorPluginGoalsWidgetBridge (0.0.1):
    - Capacitor
  - CapacitorPluginSafeArea (2.0.5):
    - Capacitor
  - CapacitorSplashScreen (5.0.6):
    - Capacitor

DEPENDENCIES:
  - "Capacitor (from `../../node_modules/@capacitor/ios`)"
  - "CapacitorCordova (from `../../node_modules/@capacitor/ios`)"
  - CapacitorPluginGoalsWidgetBridge (from `../../../capacitor-plugin-goals-widget-bridge`)
  - CapacitorPluginSafeArea (from `../../node_modules/capacitor-plugin-safe-area`)
  - "CapacitorSplashScreen (from `../../node_modules/@capacitor/splash-screen`)"

EXTERNAL SOURCES:
  Capacitor:
    :path: "../../node_modules/@capacitor/ios"
  CapacitorCordova:
    :path: "../../node_modules/@capacitor/ios"
  CapacitorPluginGoalsWidgetBridge:
    :path: "../../../capacitor-plugin-goals-widget-bridge"
  CapacitorPluginSafeArea:
    :path: "../../node_modules/capacitor-plugin-safe-area"
  CapacitorSplashScreen:
    :path: "../../node_modules/@capacitor/splash-screen"

SPEC CHECKSUMS:
  Capacitor: 9da0a2415e3b6098511f8b5ffdb578d91ee79f8f
  CapacitorCordova: e128cc7688c070ca0bfa439898a5f609da8dbcfe
  CapacitorPluginGoalsWidgetBridge: 1224060abfe2684df56b6ce7ec19a74074c3bad6
  CapacitorPluginSafeArea: bfdd714827dbd89fb44fea286beec996e1b0c5c4
  CapacitorSplashScreen: 5fa2ab5e46cf5cc530cf16a51c80c7a986579ccd

PODFILE CHECKSUM: 509cdd3c652091fc3a3d7424ca8520fb4c6c8dc3

COCOAPODS: 1.11.3
